
Microsoft Visual Studio Solution File, Format Version 12.00
# Visual Studio Version 17
VisualStudioVersion = 17.14.36221.1 d17.14
MinimumVisualStudioVersion = 10.0.40219.1
Project("{FAE04EC0-301F-11D3-BF4B-00C04F79EFBC}") = "WinFormsApp2", "WinFormsApp2\WinFormsApp2.csproj", "{FB6E706A-1E9E-4B78-B09F-3DCA3082A247}"
EndProject
Global
	GlobalSection(SolutionConfigurationPlatforms) = preSolution
		Debug|Any CPU = Debug|Any CPU
		Release|Any CPU = Release|Any CPU
	EndGlobalSection
	GlobalSection(ProjectConfigurationPlatforms) = postSolution
		{FB6E706A-1E9E-4B78-B09F-3DCA3082A247}.Debug|Any CPU.ActiveCfg = Debug|Any CPU
		{FB6E706A-1E9E-4B78-B09F-3DCA3082A247}.Debug|Any CPU.Build.0 = Debug|Any CPU
		{FB6E706A-1E9E-4B78-B09F-3DCA3082A247}.Release|Any CPU.ActiveCfg = Release|Any CPU
		{FB6E706A-1E9E-4B78-B09F-3DCA3082A247}.Release|Any CPU.Build.0 = Release|Any CPU
	EndGlobalSection
	GlobalSection(SolutionProperties) = preSolution
		HideSolutionNode = FALSE
	EndGlobalSection
	GlobalSection(ExtensibilityGlobals) = postSolution
		SolutionGuid = {76DD78D6-E188-4E5C-812B-1D468CA3DC21}
	EndGlobalSection
EndGlobal
