
Microsoft Visual Studio Solution File, Format Version 12.00
# Visual Studio Version 17
VisualStudioVersion = 17.14.36221.1 d17.14
MinimumVisualStudioVersion = 10.0.40219.1
Project("{FAE04EC0-301F-11D3-BF4B-00C04F79EFBC}") = "WinFormsApp4", "WinFormsApp4\WinFormsApp4.csproj", "{69E81E75-F436-4A72-BA29-8E257E54515D}"
EndProject
Global
	GlobalSection(SolutionConfigurationPlatforms) = preSolution
		Debug|Any CPU = Debug|Any CPU
		Release|Any CPU = Release|Any CPU
	EndGlobalSection
	GlobalSection(ProjectConfigurationPlatforms) = postSolution
		{69E81E75-F436-4A72-BA29-8E257E54515D}.Debug|Any CPU.ActiveCfg = Debug|Any CPU
		{69E81E75-F436-4A72-BA29-8E257E54515D}.Debug|Any CPU.Build.0 = Debug|Any CPU
		{69E81E75-F436-4A72-BA29-8E257E54515D}.Release|Any CPU.ActiveCfg = Release|Any CPU
		{69E81E75-F436-4A72-BA29-8E257E54515D}.Release|Any CPU.Build.0 = Release|Any CPU
	EndGlobalSection
	GlobalSection(SolutionProperties) = preSolution
		HideSolutionNode = FALSE
	EndGlobalSection
	GlobalSection(ExtensibilityGlobals) = postSolution
		SolutionGuid = {20EB3827-2F88-4D38-B641-FCA64339DB27}
	EndGlobalSection
EndGlobal
